// !$*UTF8*$!
{
	archiveVersion = 1;
	classes = {
	};
	objectVersion = 46;
	objects = {

/* Begin PBXBuildFile section */
		9AAEE88F1D62E4FF00D55A5A /* main.m in Sources */ = {isa = PBXBuildFile; fileRef = 9AAEE88E1D62E4FF00D55A5A /* main.m */; };
		9AAEE8921D62E4FF00D55A5A /* AppDelegate.m in Sources */ = {isa = PBXBuildFile; fileRef = 9AAEE8911D62E4FF00D55A5A /* AppDelegate.m */; };
		9AAEE8951D62E4FF00D55A5A /* ViewController.m in Sources */ = {isa = PBXBuildFile; fileRef = 9AAEE8941D62E4FF00D55A5A /* ViewController.m */; };
		9AAEE8981D62E4FF00D55A5A /* Main.storyboard in Resources */ = {isa = PBXBuildFile; fileRef = 9AAEE8961D62E4FF00D55A5A /* Main.storyboard */; };
		9AAEE89D1D62E4FF00D55A5A /* Assets.xcassets in Resources */ = {isa = PBXBuildFile; fileRef = 9AAEE89C1D62E4FF00D55A5A /* Assets.xcassets */; };
		9AAEE8A01D62E4FF00D55A5A /* LaunchScreen.storyboard in Resources */ = {isa = PBXBuildFile; fileRef = 9AAEE89E1D62E4FF00D55A5A /* LaunchScreen.storyboard */; };
		9AAEE8AA1D62E58600D55A5A /* UIView+HynLoadNib.m in Sources */ = {isa = PBXBuildFile; fileRef = 9AAEE8A91D62E58600D55A5A /* UIView+HynLoadNib.m */; };
		9AAEE8AD1D62E61400D55A5A /* NSObject+HynClassName.m in Sources */ = {isa = PBXBuildFile; fileRef = 9AAEE8AC1D62E61400D55A5A /* NSObject+HynClassName.m */; };
		9AAEE8B11D62E78500D55A5A /* TestTableViewController.m in Sources */ = {isa = PBXBuildFile; fileRef = 9AAEE8AF1D62E78500D55A5A /* TestTableViewController.m */; };
		9AAEE8B21D62E78500D55A5A /* TestTableViewController.xib in Resources */ = {isa = PBXBuildFile; fileRef = 9AAEE8B01D62E78500D55A5A /* TestTableViewController.xib */; };
		9AAEE8B51D62E84B00D55A5A /* UIViewController+HynLoadNib.m in Sources */ = {isa = PBXBuildFile; fileRef = 9AAEE8B41D62E84B00D55A5A /* UIViewController+HynLoadNib.m */; };
		9AAEE8B81D62EB9600D55A5A /* TestViewController.m in Sources */ = {isa = PBXBuildFile; fileRef = 9AAEE8B71D62EB9600D55A5A /* TestViewController.m */; };
		9AAEE8BF1D63073200D55A5A /* TestTableViewCell.m in Sources */ = {isa = PBXBuildFile; fileRef = 9AAEE8BD1D63073200D55A5A /* TestTableViewCell.m */; };
		9AAEE8C01D63073200D55A5A /* TestTableViewCell.xib in Resources */ = {isa = PBXBuildFile; fileRef = 9AAEE8BE1D63073200D55A5A /* TestTableViewCell.xib */; };
		9AAEE8C21D6308D800D55A5A /* TestView.xib in Resources */ = {isa = PBXBuildFile; fileRef = 9AAEE8C11D6308D800D55A5A /* TestView.xib */; };
		9AAEE8C51D63092D00D55A5A /* TestView.m in Sources */ = {isa = PBXBuildFile; fileRef = 9AAEE8C41D63092D00D55A5A /* TestView.m */; };
/* End PBXBuildFile section */

/* Begin PBXFileReference section */
		9AAEE88A1D62E4FF00D55A5A /* HYNLoadNib.app */ = {isa = PBXFileReference; explicitFileType = wrapper.application; includeInIndex = 0; path = HYNLoadNib.app; sourceTree = BUILT_PRODUCTS_DIR; };
		9AAEE88E1D62E4FF00D55A5A /* main.m */ = {isa = PBXFileReference; lastKnownFileType = sourcecode.c.objc; path = main.m; sourceTree = "<group>"; };
		9AAEE8901D62E4FF00D55A5A /* AppDelegate.h */ = {isa = PBXFileReference; lastKnownFileType = sourcecode.c.h; path = AppDelegate.h; sourceTree = "<group>"; };
		9AAEE8911D62E4FF00D55A5A /* AppDelegate.m */ = {isa = PBXFileReference; lastKnownFileType = sourcecode.c.objc; path = AppDelegate.m; sourceTree = "<group>"; };
		9AAEE8931D62E4FF00D55A5A /* ViewController.h */ = {isa = PBXFileReference; lastKnownFileType = sourcecode.c.h; path = ViewController.h; sourceTree = "<group>"; };
		9AAEE8941D62E4FF00D55A5A /* ViewController.m */ = {isa = PBXFileReference; lastKnownFileType = sourcecode.c.objc; path = ViewController.m; sourceTree = "<group>"; };
		9AAEE8971D62E4FF00D55A5A /* Base */ = {isa = PBXFileReference; lastKnownFileType = file.storyboard; name = Base; path = Base.lproj/Main.storyboard; sourceTree = "<group>"; };
		9AAEE89C1D62E4FF00D55A5A /* Assets.xcassets */ = {isa = PBXFileReference; lastKnownFileType = folder.assetcatalog; path = Assets.xcassets; sourceTree = "<group>"; };
		9AAEE89F1D62E4FF00D55A5A /* Base */ = {isa = PBXFileReference; lastKnownFileType = file.storyboard; name = Base; path = Base.lproj/LaunchScreen.storyboard; sourceTree = "<group>"; };
		9AAEE8A11D62E4FF00D55A5A /* Info.plist */ = {isa = PBXFileReference; lastKnownFileType = text.plist.xml; path = Info.plist; sourceTree = "<group>"; };
		9AAEE8A81D62E58600D55A5A /* UIView+HynLoadNib.h */ = {isa = PBXFileReference; fileEncoding = 4; lastKnownFileType = sourcecode.c.h; path = "UIView+HynLoadNib.h"; sourceTree = "<group>"; };
		9AAEE8A91D62E58600D55A5A /* UIView+HynLoadNib.m */ = {isa = PBXFileReference; fileEncoding = 4; lastKnownFileType = sourcecode.c.objc; path = "UIView+HynLoadNib.m"; sourceTree = "<group>"; };
		9AAEE8AB1D62E61400D55A5A /* NSObject+HynClassName.h */ = {isa = PBXFileReference; fileEncoding = 4; lastKnownFileType = sourcecode.c.h; path = "NSObject+HynClassName.h"; sourceTree = "<group>"; };
		9AAEE8AC1D62E61400D55A5A /* NSObject+HynClassName.m */ = {isa = PBXFileReference; fileEncoding = 4; lastKnownFileType = sourcecode.c.objc; path = "NSObject+HynClassName.m"; sourceTree = "<group>"; };
		9AAEE8AE1D62E78500D55A5A /* TestTableViewController.h */ = {isa = PBXFileReference; fileEncoding = 4; lastKnownFileType = sourcecode.c.h; path = TestTableViewController.h; sourceTree = "<group>"; };
		9AAEE8AF1D62E78500D55A5A /* TestTableViewController.m */ = {isa = PBXFileReference; fileEncoding = 4; lastKnownFileType = sourcecode.c.objc; path = TestTableViewController.m; sourceTree = "<group>"; };
		9AAEE8B01D62E78500D55A5A /* TestTableViewController.xib */ = {isa = PBXFileReference; fileEncoding = 4; lastKnownFileType = file.xib; path = TestTableViewController.xib; sourceTree = "<group>"; };
		9AAEE8B31D62E84B00D55A5A /* UIViewController+HynLoadNib.h */ = {isa = PBXFileReference; fileEncoding = 4; lastKnownFileType = sourcecode.c.h; path = "UIViewController+HynLoadNib.h"; sourceTree = "<group>"; };
		9AAEE8B41D62E84B00D55A5A /* UIViewController+HynLoadNib.m */ = {isa = PBXFileReference; fileEncoding = 4; lastKnownFileType = sourcecode.c.objc; path = "UIViewController+HynLoadNib.m"; sourceTree = "<group>"; };
		9AAEE8B61D62EB9600D55A5A /* TestViewController.h */ = {isa = PBXFileReference; fileEncoding = 4; lastKnownFileType = sourcecode.c.h; path = TestViewController.h; sourceTree = "<group>"; };
		9AAEE8B71D62EB9600D55A5A /* TestViewController.m */ = {isa = PBXFileReference; fileEncoding = 4; lastKnownFileType = sourcecode.c.objc; path = TestViewController.m; sourceTree = "<group>"; };
		9AAEE8BB1D62ECDC00D55A5A /* HynHeader.pch */ = {isa = PBXFileReference; lastKnownFileType = sourcecode.c.h; path = HynHeader.pch; sourceTree = "<group>"; };
		9AAEE8BC1D63073200D55A5A /* TestTableViewCell.h */ = {isa = PBXFileReference; fileEncoding = 4; lastKnownFileType = sourcecode.c.h; path = TestTableViewCell.h; sourceTree = "<group>"; };
		9AAEE8BD1D63073200D55A5A /* TestTableViewCell.m */ = {isa = PBXFileReference; fileEncoding = 4; lastKnownFileType = sourcecode.c.objc; path = TestTableViewCell.m; sourceTree = "<group>"; };
		9AAEE8BE1D63073200D55A5A /* TestTableViewCell.xib */ = {isa = PBXFileReference; fileEncoding = 4; lastKnownFileType = file.xib; path = TestTableViewCell.xib; sourceTree = "<group>"; };
		9AAEE8C11D6308D800D55A5A /* TestView.xib */ = {isa = PBXFileReference; fileEncoding = 4; lastKnownFileType = file.xib; path = TestView.xib; sourceTree = "<group>"; };
		9AAEE8C31D63092D00D55A5A /* TestView.h */ = {isa = PBXFileReference; fileEncoding = 4; lastKnownFileType = sourcecode.c.h; path = TestView.h; sourceTree = "<group>"; };
		9AAEE8C41D63092D00D55A5A /* TestView.m */ = {isa = PBXFileReference; fileEncoding = 4; lastKnownFileType = sourcecode.c.objc; path = TestView.m; sourceTree = "<group>"; };
/* End PBXFileReference section */

/* Begin PBXFrameworksBuildPhase section */
		9AAEE8871D62E4FF00D55A5A /* Frameworks */ = {
			isa = PBXFrameworksBuildPhase;
			buildActionMask = 2147483647;
			files = (
			);
			runOnlyForDeploymentPostprocessing = 0;
		};
/* End PBXFrameworksBuildPhase section */

/* Begin PBXGroup section */
		9AAEE8811D62E4FF00D55A5A = {
			isa = PBXGroup;
			children = (
				9AAEE88C1D62E4FF00D55A5A /* HYNLoadNib */,
				9AAEE88B1D62E4FF00D55A5A /* Products */,
			);
			sourceTree = "<group>";
		};
		9AAEE88B1D62E4FF00D55A5A /* Products */ = {
			isa = PBXGroup;
			children = (
				9AAEE88A1D62E4FF00D55A5A /* HYNLoadNib.app */,
			);
			name = Products;
			sourceTree = "<group>";
		};
		9AAEE88C1D62E4FF00D55A5A /* HYNLoadNib */ = {
			isa = PBXGroup;
			children = (
				9AAEE8A71D62E51E00D55A5A /* loadNib */,
				9AAEE8901D62E4FF00D55A5A /* AppDelegate.h */,
				9AAEE8911D62E4FF00D55A5A /* AppDelegate.m */,
				9AAEE8931D62E4FF00D55A5A /* ViewController.h */,
				9AAEE8941D62E4FF00D55A5A /* ViewController.m */,
				9AAEE8B61D62EB9600D55A5A /* TestViewController.h */,
				9AAEE8B71D62EB9600D55A5A /* TestViewController.m */,
				9AAEE8AE1D62E78500D55A5A /* TestTableViewController.h */,
				9AAEE8AF1D62E78500D55A5A /* TestTableViewController.m */,
				9AAEE8B01D62E78500D55A5A /* TestTableViewController.xib */,
				9AAEE8BC1D63073200D55A5A /* TestTableViewCell.h */,
				9AAEE8BD1D63073200D55A5A /* TestTableViewCell.m */,
				9AAEE8BE1D63073200D55A5A /* TestTableViewCell.xib */,
				9AAEE8C11D6308D800D55A5A /* TestView.xib */,
				9AAEE8C31D63092D00D55A5A /* TestView.h */,
				9AAEE8C41D63092D00D55A5A /* TestView.m */,
				9AAEE8961D62E4FF00D55A5A /* Main.storyboard */,
				9AAEE89C1D62E4FF00D55A5A /* Assets.xcassets */,
				9AAEE89E1D62E4FF00D55A5A /* LaunchScreen.storyboard */,
				9AAEE8A11D62E4FF00D55A5A /* Info.plist */,
				9AAEE88D1D62E4FF00D55A5A /* Supporting Files */,
			);
			path = HYNLoadNib;
			sourceTree = "<group>";
		};
		9AAEE88D1D62E4FF00D55A5A /* Supporting Files */ = {
			isa = PBXGroup;
			children = (
				9AAEE88E1D62E4FF00D55A5A /* main.m */,
				9AAEE8BB1D62ECDC00D55A5A /* HynHeader.pch */,
			);
			name = "Supporting Files";
			sourceTree = "<group>";
		};
		9AAEE8A71D62E51E00D55A5A /* loadNib */ = {
			isa = PBXGroup;
			children = (
				9AAEE8A81D62E58600D55A5A /* UIView+HynLoadNib.h */,
				9AAEE8A91D62E58600D55A5A /* UIView+HynLoadNib.m */,
				9AAEE8B31D62E84B00D55A5A /* UIViewController+HynLoadNib.h */,
				9AAEE8B41D62E84B00D55A5A /* UIViewController+HynLoadNib.m */,
				9AAEE8AB1D62E61400D55A5A /* NSObject+HynClassName.h */,
				9AAEE8AC1D62E61400D55A5A /* NSObject+HynClassName.m */,
			);
			path = loadNib;
			sourceTree = "<group>";
		};
/* End PBXGroup section */

/* Begin PBXNativeTarget section */
		9AAEE8891D62E4FF00D55A5A /* HYNLoadNib */ = {
			isa = PBXNativeTarget;
			buildConfigurationList = 9AAEE8A41D62E4FF00D55A5A /* Build configuration list for PBXNativeTarget "HYNLoadNib" */;
			buildPhases = (
				9AAEE8861D62E4FF00D55A5A /* Sources */,
				9AAEE8871D62E4FF00D55A5A /* Frameworks */,
				9AAEE8881D62E4FF00D55A5A /* Resources */,
			);
			buildRules = (
			);
			dependencies = (
			);
			name = HYNLoadNib;
			productName = HYNLoadNib;
			productReference = 9AAEE88A1D62E4FF00D55A5A /* HYNLoadNib.app */;
			productType = "com.apple.product-type.application";
		};
/* End PBXNativeTarget section */

/* Begin PBXProject section */
		9AAEE8821D62E4FF00D55A5A /* Project object */ = {
			isa = PBXProject;
			attributes = {
				LastUpgradeCheck = 0730;
				ORGANIZATIONNAME = "Huang Yanan";
				TargetAttributes = {
					9AAEE8891D62E4FF00D55A5A = {
						CreatedOnToolsVersion = 7.3.1;
					};
				};
			};
			buildConfigurationList = 9AAEE8851D62E4FF00D55A5A /* Build configuration list for PBXProject "HYNLoadNib" */;
			compatibilityVersion = "Xcode 3.2";
			developmentRegion = English;
			hasScannedForEncodings = 0;
			knownRegions = (
				en,
				Base,
			);
			mainGroup = 9AAEE8811D62E4FF00D55A5A;
			productRefGroup = 9AAEE88B1D62E4FF00D55A5A /* Products */;
			projectDirPath = "";
			projectRoot = "";
			targets = (
				9AAEE8891D62E4FF00D55A5A /* HYNLoadNib */,
			);
		};
/* End PBXProject section */

/* Begin PBXResourcesBuildPhase section */
		9AAEE8881D62E4FF00D55A5A /* Resources */ = {
			isa = PBXResourcesBuildPhase;
			buildActionMask = 2147483647;
			files = (
				9AAEE8C21D6308D800D55A5A /* TestView.xib in Resources */,
				9AAEE8A01D62E4FF00D55A5A /* LaunchScreen.storyboard in Resources */,
				9AAEE89D1D62E4FF00D55A5A /* Assets.xcassets in Resources */,
				9AAEE8981D62E4FF00D55A5A /* Main.storyboard in Resources */,
				9AAEE8C01D63073200D55A5A /* TestTableViewCell.xib in Resources */,
				9AAEE8B21D62E78500D55A5A /* TestTableViewController.xib in Resources */,
			);
			runOnlyForDeploymentPostprocessing = 0;
		};
/* End PBXResourcesBuildPhase section */

/* Begin PBXSourcesBuildPhase section */
		9AAEE8861D62E4FF00D55A5A /* Sources */ = {
			isa = PBXSourcesBuildPhase;
			buildActionMask = 2147483647;
			files = (
				9AAEE8951D62E4FF00D55A5A /* ViewController.m in Sources */,
				9AAEE8921D62E4FF00D55A5A /* AppDelegate.m in Sources */,
				9AAEE8C51D63092D00D55A5A /* TestView.m in Sources */,
				9AAEE8AD1D62E61400D55A5A /* NSObject+HynClassName.m in Sources */,
				9AAEE8B11D62E78500D55A5A /* TestTableViewController.m in Sources */,
				9AAEE8B51D62E84B00D55A5A /* UIViewController+HynLoadNib.m in Sources */,
				9AAEE8AA1D62E58600D55A5A /* UIView+HynLoadNib.m in Sources */,
				9AAEE8B81D62EB9600D55A5A /* TestViewController.m in Sources */,
				9AAEE8BF1D63073200D55A5A /* TestTableViewCell.m in Sources */,
				9AAEE88F1D62E4FF00D55A5A /* main.m in Sources */,
			);
			runOnlyForDeploymentPostprocessing = 0;
		};
/* End PBXSourcesBuildPhase section */

/* Begin PBXVariantGroup section */
		9AAEE8961D62E4FF00D55A5A /* Main.storyboard */ = {
			isa = PBXVariantGroup;
			children = (
				9AAEE8971D62E4FF00D55A5A /* Base */,
			);
			name = Main.storyboard;
			sourceTree = "<group>";
		};
		9AAEE89E1D62E4FF00D55A5A /* LaunchScreen.storyboard */ = {
			isa = PBXVariantGroup;
			children = (
				9AAEE89F1D62E4FF00D55A5A /* Base */,
			);
			name = LaunchScreen.storyboard;
			sourceTree = "<group>";
		};
/* End PBXVariantGroup section */

/* Begin XCBuildConfiguration section */
		9AAEE8A21D62E4FF00D55A5A /* Debug */ = {
			isa = XCBuildConfiguration;
			buildSettings = {
				ALWAYS_SEARCH_USER_PATHS = NO;
				CLANG_ANALYZER_NONNULL = YES;
				CLANG_CXX_LANGUAGE_STANDARD = "gnu++0x";
				CLANG_CXX_LIBRARY = "libc++";
				CLANG_ENABLE_MODULES = YES;
				CLANG_ENABLE_OBJC_ARC = YES;
				CLANG_WARN_BOOL_CONVERSION = YES;
				CLANG_WARN_CONSTANT_CONVERSION = YES;
				CLANG_WARN_DIRECT_OBJC_ISA_USAGE = YES_ERROR;
				CLANG_WARN_EMPTY_BODY = YES;
				CLANG_WARN_ENUM_CONVERSION = YES;
				CLANG_WARN_INT_CONVERSION = YES;
				CLANG_WARN_OBJC_ROOT_CLASS = YES_ERROR;
				CLANG_WARN_UNREACHABLE_CODE = YES;
				CLANG_WARN__DUPLICATE_METHOD_MATCH = YES;
				"CODE_SIGN_IDENTITY[sdk=iphoneos*]" = "iPhone Developer";
				COPY_PHASE_STRIP = NO;
				DEBUG_INFORMATION_FORMAT = dwarf;
				ENABLE_STRICT_OBJC_MSGSEND = YES;
				ENABLE_TESTABILITY = YES;
				GCC_C_LANGUAGE_STANDARD = gnu99;
				GCC_DYNAMIC_NO_PIC = NO;
				GCC_NO_COMMON_BLOCKS = YES;
				GCC_OPTIMIZATION_LEVEL = 0;
				GCC_PREPROCESSOR_DEFINITIONS = (
					"DEBUG=1",
					"$(inherited)",
				);
				GCC_WARN_64_TO_32_BIT_CONVERSION = YES;
				GCC_WARN_ABOUT_RETURN_TYPE = YES_ERROR;
				GCC_WARN_UNDECLARED_SELECTOR = YES;
				GCC_WARN_UNINITIALIZED_AUTOS = YES_AGGRESSIVE;
				GCC_WARN_UNUSED_FUNCTION = YES;
				GCC_WARN_UNUSED_VARIABLE = YES;
				IPHONEOS_DEPLOYMENT_TARGET = 9.3;
				MTL_ENABLE_DEBUG_INFO = YES;
				ONLY_ACTIVE_ARCH = YES;
				SDKROOT = iphoneos;
			};
			name = Debug;
		};
		9AAEE8A31D62E4FF00D55A5A /* Release */ = {
			isa = XCBuildConfiguration;
			buildSettings = {
				ALWAYS_SEARCH_USER_PATHS = NO;
				CLANG_ANALYZER_NONNULL = YES;
				CLANG_CXX_LANGUAGE_STANDARD = "gnu++0x";
				CLANG_CXX_LIBRARY = "libc++";
				CLANG_ENABLE_MODULES = YES;
				CLANG_ENABLE_OBJC_ARC = YES;
				CLANG_WARN_BOOL_CONVERSION = YES;
				CLANG_WARN_CONSTANT_CONVERSION = YES;
				CLANG_WARN_DIRECT_OBJC_ISA_USAGE = YES_ERROR;
				CLANG_WARN_EMPTY_BODY = YES;
				CLANG_WARN_ENUM_CONVERSION = YES;
				CLANG_WARN_INT_CONVERSION = YES;
				CLANG_WARN_OBJC_ROOT_CLASS = YES_ERROR;
				CLANG_WARN_UNREACHABLE_CODE = YES;
				CLANG_WARN__DUPLICATE_METHOD_MATCH = YES;
				"CODE_SIGN_IDENTITY[sdk=iphoneos*]" = "iPhone Developer";
				COPY_PHASE_STRIP = NO;
				DEBUG_INFORMATION_FORMAT = "dwarf-with-dsym";
				ENABLE_NS_ASSERTIONS = NO;
				ENABLE_STRICT_OBJC_MSGSEND = YES;
				GCC_C_LANGUAGE_STANDARD = gnu99;
				GCC_NO_COMMON_BLOCKS = YES;
				GCC_WARN_64_TO_32_BIT_CONVERSION = YES;
				GCC_WARN_ABOUT_RETURN_TYPE = YES_ERROR;
				GCC_WARN_UNDECLARED_SELECTOR = YES;
				GCC_WARN_UNINITIALIZED_AUTOS = YES_AGGRESSIVE;
				GCC_WARN_UNUSED_FUNCTION = YES;
				GCC_WARN_UNUSED_VARIABLE = YES;
				IPHONEOS_DEPLOYMENT_TARGET = 9.3;
				MTL_ENABLE_DEBUG_INFO = NO;
				SDKROOT = iphoneos;
				VALIDATE_PRODUCT = YES;
			};
			name = Release;
		};
		9AAEE8A51D62E4FF00D55A5A /* Debug */ = {
			isa = XCBuildConfiguration;
			buildSettings = {
				ASSETCATALOG_COMPILER_APPICON_NAME = AppIcon;
				GCC_PREFIX_HEADER = "$(SRCROOT)/HYNLoadNib/HynHeader.pch";
				INFOPLIST_FILE = HYNLoadNib/Info.plist;
				LD_RUNPATH_SEARCH_PATHS = "$(inherited) @executable_path/Frameworks";
				PRODUCT_BUNDLE_IDENTIFIER = com.zhuanche01.HYNLoadNib;
				PRODUCT_NAME = "$(TARGET_NAME)";
			};
			name = Debug;
		};
		9AAEE8A61D62E4FF00D55A5A /* Release */ = {
			isa = XCBuildConfiguration;
			buildSettings = {
				ASSETCATALOG_COMPILER_APPICON_NAME = AppIcon;
				GCC_PREFIX_HEADER = "$(SRCROOT)/HYNLoadNib/HynHeader.pch";
				INFOPLIST_FILE = HYNLoadNib/Info.plist;
				LD_RUNPATH_SEARCH_PATHS = "$(inherited) @executable_path/Frameworks";
				PRODUCT_BUNDLE_IDENTIFIER = com.zhuanche01.HYNLoadNib;
				PRODUCT_NAME = "$(TARGET_NAME)";
			};
			name = Release;
		};
/* End XCBuildConfiguration section */

/* Begin XCConfigurationList section */
		9AAEE8851D62E4FF00D55A5A /* Build configuration list for PBXProject "HYNLoadNib" */ = {
			isa = XCConfigurationList;
			buildConfigurations = (
				9AAEE8A21D62E4FF00D55A5A /* Debug */,
				9AAEE8A31D62E4FF00D55A5A /* Release */,
			);
			defaultConfigurationIsVisible = 0;
			defaultConfigurationName = Release;
		};
		9AAEE8A41D62E4FF00D55A5A /* Build configuration list for PBXNativeTarget "HYNLoadNib" */ = {
			isa = XCConfigurationList;
			buildConfigurations = (
				9AAEE8A51D62E4FF00D55A5A /* Debug */,
				9AAEE8A61D62E4FF00D55A5A /* Release */,
			);
			defaultConfigurationIsVisible = 0;
			defaultConfigurationName = Release;
		};
/* End XCConfigurationList section */
	};
	rootObject = 9AAEE8821D62E4FF00D55A5A /* Project object */;
}
